
Microsoft Visual Studio Solution File, Format Version 12.00
# Visual Studio 15
VisualStudioVersion = 15.0.27130.2010
MinimumVisualStudioVersion = 10.0.40219.1
Project("{2150E333-8FDC-42A3-9474-1A3956D46DE8}") = "src", "src", "{776828EF-7021-4551-9129-D63722C235E9}"
EndProject
Project("{9A19103F-16F7-4668-BE54-9A1E7A4F7556}") = "BethanysPieShop", "src\BethanysPieShop\BethanysPieShop.csproj", "{4D12CF1A-CA44-44A8-A3B6-1E4F5AE92593}"
EndProject
Global
	GlobalSection(SolutionConfigurationPlatforms) = preSolution
		Debug|Any CPU = Debug|Any CPU
		Release|Any CPU = Release|Any CPU
	EndGlobalSection
	GlobalSection(ProjectConfigurationPlatforms) = postSolution
		{4D12CF1A-CA44-44A8-A3B6-1E4F5AE92593}.Debug|Any CPU.ActiveCfg = Debug|Any CPU
		{4D12CF1A-CA44-44A8-A3B6-1E4F5AE92593}.Debug|Any CPU.Build.0 = Debug|Any CPU
		{4D12CF1A-CA44-44A8-A3B6-1E4F5AE92593}.Release|Any CPU.ActiveCfg = Release|Any CPU
		{4D12CF1A-CA44-44A8-A3B6-1E4F5AE92593}.Release|Any CPU.Build.0 = Release|Any CPU
	EndGlobalSection
	GlobalSection(SolutionProperties) = preSolution
		HideSolutionNode = FALSE
	EndGlobalSection
	GlobalSection(NestedProjects) = preSolution
		{4D12CF1A-CA44-44A8-A3B6-1E4F5AE92593} = {776828EF-7021-4551-9129-D63722C235E9}
	EndGlobalSection
	GlobalSection(ExtensibilityGlobals) = postSolution
		SolutionGuid = {245FAB21-7C9B-45D4-8EFA-3B9E3983B44A}
	EndGlobalSection
EndGlobal
